{
  "nodes": {
    "crane": {
      "locked": {
        "lastModified": 1769714895,
        "narHash": "sha256-Coa9SPEHYQSXL3mJ998/lVYAqkrBohNjRYUDz1U0vmw=",
        "owner": "ipetkov",
        "repo": "crane",
        "rev": "71d917b65430bab009c403573c45a410e5bb73ba",
        "type": "github"
      },
      "original": {
        "owner": "ipetkov",
        "repo": "crane",
        "rev": "71d917b65430bab009c403573c45a410e5bb73ba",
        "type": "github"
      }
    },
    "crane_2": {
      "locked": {
        "lastModified": 1745454774,
        "narHash": "sha256-oLvmxOnsEKGtwczxp/CwhrfmQUG2ym24OMWowcoRhH8=",
        "rev": "efd36682371678e2b6da3f108fdb5c613b3ec598",
        "revCount": 729,
        "type": "tarball",
        "url": "https://api.flakehub.com/f/pinned/ipetkov/crane/0.20.3/01966538-0f80-7363-a573-2ba9fd154399/source.tar.gz"
      },
      "original": {
        "type": "tarball",
        "url": "https://flakehub.com/f/ipetkov/crane/0.20"
      }
    },
    "determinate-nix-cli": {
      "inputs": {
        "flake-parts": "flake-parts",
        "git-hooks-nix": "git-hooks-nix",
        "nixpkgs": "nixpkgs",
        "nixpkgs-23-11": "nixpkgs-23-11",
        "nixpkgs-regression": "nixpkgs-regression"
      },
      "locked": {
        "lastModified": 1778177425,
        "narHash": "sha256-oyHvP5HDRe59opmjTrq2ED9lh+R9FrHyaCGPPNfBqWM=",
        "rev": "f0ccb960d3ad5bff28acd9cabf8bdef885b5d52f",
        "revCount": 25858,
        "type": "tarball",
        "url": "https://api.flakehub.com/f/pinned/DeterminateSystems/nix-src/3.20.0/019e03bc-3f83-7833-aba3-b691ef4956c7/source.tar.gz"
      },
      "original": {
        "type": "tarball",
        "url": "https://flakehub.com/f/DeterminateSystems/nix-src/3"
      }
    },
    "fenix": {
      "inputs": {
        "nixpkgs": [
          "minnows",
          "nixpkgs"
        ],
        "rust-analyzer-src": "rust-analyzer-src"
      },
      "locked": {
        "lastModified": 1777624102,
        "narHash": "sha256-thSyElkje577x/kAbP72nHlfiFc1a+tCudskLPHXe9s=",
        "rev": "4d81601e0b73f20d81d066754ad0e7d1e7f75a06",
        "revCount": 2646,
        "type": "tarball",
        "url": "https://api.flakehub.com/f/pinned/nix-community/fenix/0.1.2646%2Brev-4d81601e0b73f20d81d066754ad0e7d1e7f75a06/019de2eb-4157-78e2-99a4-47e0ab7416f5/source.tar.gz"
      },
      "original": {
        "type": "tarball",
        "url": "https://flakehub.com/f/nix-community/fenix/0.1"
      }
    },
    "fenix_2": {
      "inputs": {
        "nixpkgs": [
          "minnows-platform-qemu",
          "minnows",
          "nixpkgs"
        ],
        "rust-analyzer-src": "rust-analyzer-src_2"
      },
      "locked": {
        "lastModified": 1756709111,
        "narHash": "sha256-xv2u5dnQpdWkrIy5TBSomr055odWtRSoECSGBzNpp3w=",
        "rev": "113eba389317407992ea219d5aaced44bf6407f9",
        "revCount": 2375,
        "type": "tarball",
        "url": "https://api.flakehub.com/f/pinned/nix-community/fenix/0.1.2375%2Brev-113eba389317407992ea219d5aaced44bf6407f9/0199045f-8452-723d-b201-deb22d41c75e/source.tar.gz"
      },
      "original": {
        "type": "tarball",
        "url": "https://flakehub.com/f/nix-community/fenix/0.1"
      }
    },
    "flake-compat": {
      "flake": false,
      "locked": {
        "lastModified": 1696426674,
        "narHash": "sha256-kvjfFW7WAETZlt09AgDn1MrtKzP7t90Vf7vypd3OL1U=",
        "owner": "edolstra",
        "repo": "flake-compat",
        "rev": "0f9255e01c2351cc7d116c072cb317785dd33b33",
        "type": "github"
      },
      "original": {
        "owner": "edolstra",
        "repo": "flake-compat",
        "type": "github"
      }
    },
    "flake-parts": {
      "inputs": {
        "nixpkgs-lib": [
          "minnows",
          "determinate-nix-cli",
          "nixpkgs"
        ]
      },
      "locked": {
        "lastModified": 1748821116,
        "narHash": "sha256-F82+gS044J1APL0n4hH50GYdPRv/5JWm34oCJYmVKdE=",
        "rev": "49f0870db23e8c1ca0b5259734a02cd9e1e371a1",
        "revCount": 377,
        "type": "tarball",
        "url": "https://api.flakehub.com/f/pinned/hercules-ci/flake-parts/0.1.377%2Brev-49f0870db23e8c1ca0b5259734a02cd9e1e371a1/01972f28-554a-73f8-91f4-d488cc502f08/source.tar.gz"
      },
      "original": {
        "type": "tarball",
        "url": "https://flakehub.com/f/hercules-ci/flake-parts/0.1"
      }
    },
    "flake-schemas": {
      "locked": {
        "lastModified": 1775244557,
        "narHash": "sha256-iYXRXIX9eafJmwJFAhqT3YxvvpNRuPFSLRCSpvGh8Ic=",
        "rev": "15edbeeaf77e42216dbcba8bfd907fdeabb75a2b",
        "revCount": 132,
        "type": "tarball",
        "url": "https://api.flakehub.com/f/pinned/DeterminateSystems/flake-schemas/0.4.2/019d5cf2-ee3c-7313-964e-f3f83c35d509/source.tar.gz"
      },
      "original": {
        "type": "tarball",
        "url": "https://flakehub.com/f/DeterminateSystems/flake-schemas/0"
      }
    },
    "flake-schemas_2": {
      "locked": {
        "lastModified": 1721999734,
        "narHash": "sha256-G5CxYeJVm4lcEtaO87LKzOsVnWeTcHGKbKxNamNWgOw=",
        "rev": "0a5c42297d870156d9c57d8f99e476b738dcd982",
        "revCount": 75,
        "type": "tarball",
        "url": "https://api.flakehub.com/f/pinned/DeterminateSystems/flake-schemas/0.1.5/0190ef2f-61e0-794b-ba14-e82f225e55e6/source.tar.gz"
      },
      "original": {
        "type": "tarball",
        "url": "https://flakehub.com/f/DeterminateSystems/flake-schemas/0"
      }
    },
    "git-hooks-nix": {
      "inputs": {
        "flake-compat": "flake-compat",
        "gitignore": [
          "minnows",
          "determinate-nix-cli"
        ],
        "nixpkgs": [
          "minnows",
          "determinate-nix-cli",
          "nixpkgs"
        ]
      },
      "locked": {
        "lastModified": 1747372754,
        "narHash": "sha256-2Y53NGIX2vxfie1rOW0Qb86vjRZ7ngizoo+bnXU9D9k=",
        "rev": "80479b6ec16fefd9c1db3ea13aeb038c60530f46",
        "revCount": 1026,
        "type": "tarball",
        "url": "https://api.flakehub.com/f/pinned/cachix/git-hooks.nix/0.1.1026%2Brev-80479b6ec16fefd9c1db3ea13aeb038c60530f46/0196d79a-1b35-7b8e-a021-c894fb62163d/source.tar.gz"
      },
      "original": {
        "type": "tarball",
        "url": "https://flakehub.com/f/cachix/git-hooks.nix/0.1.941"
      }
    },
    "minnows": {
      "inputs": {
        "crane": "crane",
        "determinate-nix-cli": "determinate-nix-cli",
        "fenix": "fenix",
        "flake-schemas": "flake-schemas",
        "nixpkgs": "nixpkgs_2",
        "typix": "typix"
      },
      "locked": {
        "lastModified": 1779834625,
        "narHash": "sha256-daX8YSiuQCOTVCjTiabX0T6ZYl5/GQ6es6wlXFPytLk=",
        "rev": "e4facfa1ce9b372684ba48287e795a5271e89a70",
        "revCount": 2609,
        "type": "tarball",
        "url": "https://api.flakehub.com/f/pinned/DeterminateSystems/minnows/0.1.2609%2Brev-e4facfa1ce9b372684ba48287e795a5271e89a70/019e666b-64b2-7833-999a-c355feb03ac0/source.tar.gz"
      },
      "original": {
        "type": "tarball",
        "url": "https://flakehub.com/f/DeterminateSystems/minnows/%2A"
      }
    },
    "minnows-flow-debug-shell": {
      "locked": {
        "lastModified": 1779834625,
        "narHash": "sha256-YzYR6XgPUSi7CqOg1tr+M8ifjX3vI6I7kvSVGVu8TM8=",
        "rev": "e4facfa1ce9b372684ba48287e795a5271e89a70",
        "revCount": 2609,
        "type": "tarball",
        "url": "https://api.flakehub.com/f/pinned/DeterminateSystems/minnows-flow-debug-shell/0.1.2609%2Brev-e4facfa1ce9b372684ba48287e795a5271e89a70/019e666a-fed5-7481-b2c2-16611e9cb230/source.tar.gz"
      },
      "original": {
        "type": "tarball",
        "url": "https://flakehub.com/f/DeterminateSystems/minnows-flow-debug-shell/%2A"
      }
    },
    "minnows-platform-qemu": {
      "inputs": {
        "minnows": "minnows_2",
        "nixpkgs": [
          "minnows-platform-qemu",
          "minnows",
          "nixpkgs"
        ]
      },
      "locked": {
        "lastModified": 1779834625,
        "narHash": "sha256-bVb/5ldS+tzyrkw4znr60XQQ1LVbpSp3HvGFWcOGLDY=",
        "rev": "e4facfa1ce9b372684ba48287e795a5271e89a70",
        "revCount": 2609,
        "type": "tarball",
        "url": "https://api.flakehub.com/f/pinned/DeterminateSystems/minnows-platform-qemu/0.1.2609%2Brev-e4facfa1ce9b372684ba48287e795a5271e89a70/019e6669-d910-7c50-b852-3531e1a586b3/source.tar.gz"
      },
      "original": {
        "type": "tarball",
        "url": "https://flakehub.com/f/DeterminateSystems/minnows-platform-qemu/%2A"
      }
    },
    "minnows_2": {
      "inputs": {
        "crane": "crane_2",
        "fenix": "fenix_2",
        "flake-schemas": "flake-schemas_2",
        "nixpkgs": "nixpkgs_3",
        "typix": "typix_2"
      },
      "locked": {
        "lastModified": 1759935123,
        "narHash": "sha256-NUff0vrJoeVP+fuh8XQP0fNGva6DYpvzVMhph+1JaR0=",
        "rev": "4baaab5a3177666092f25baba26e28ec32d57431",
        "revCount": 2084,
        "type": "tarball",
        "url": "https://api.flakehub.com/f/pinned/DeterminateSystems/minnows/0.1.2084%2Brev-4baaab5a3177666092f25baba26e28ec32d57431/0199c450-cd0d-7b78-a9fd-4aab68b9fc4b/source.tar.gz"
      },
      "original": {
        "type": "tarball",
        "url": "https://flakehub.com/f/DeterminateSystems/minnows/0.1"
      }
    },
    "nixpkgs": {
      "locked": {
        "lastModified": 1773222311,
        "narHash": "sha256-BHoB/XpbqoZkVYZCfXJXfkR+GXFqwb/4zbWnOr2cRcU=",
        "rev": "0590cd39f728e129122770c029970378a79d076a",
        "revCount": 909248,
        "type": "tarball",
        "url": "https://api.flakehub.com/f/pinned/NixOS/nixpkgs/0.2511.909248%2Brev-0590cd39f728e129122770c029970378a79d076a/019ce32b-8ace-7339-b129-cceaa8dd10c6/source.tar.gz"
      },
      "original": {
        "type": "tarball",
        "url": "https://flakehub.com/f/NixOS/nixpkgs/0.2511"
      }
    },
    "nixpkgs-23-11": {
      "locked": {
        "lastModified": 1717159533,
        "narHash": "sha256-oamiKNfr2MS6yH64rUn99mIZjc45nGJlj9eGth/3Xuw=",
        "owner": "NixOS",
        "repo": "nixpkgs",
        "rev": "a62e6edd6d5e1fa0329b8653c801147986f8d446",
        "type": "github"
      },
      "original": {
        "owner": "NixOS",
        "repo": "nixpkgs",
        "rev": "a62e6edd6d5e1fa0329b8653c801147986f8d446",
        "type": "github"
      }
    },
    "nixpkgs-regression": {
      "locked": {
        "lastModified": 1643052045,
        "narHash": "sha256-uGJ0VXIhWKGXxkeNnq4TvV3CIOkUJ3PAoLZ3HMzNVMw=",
        "owner": "NixOS",
        "repo": "nixpkgs",
        "rev": "215d4d0fd80ca5163643b03a33fde804a29cc1e2",
        "type": "github"
      },
      "original": {
        "owner": "NixOS",
        "repo": "nixpkgs",
        "rev": "215d4d0fd80ca5163643b03a33fde804a29cc1e2",
        "type": "github"
      }
    },
    "nixpkgs_2": {
      "locked": {
        "lastModified": 1778197217,
        "narHash": "sha256-aope5NH7JMlFHRZdZxpRLlyOQfp7nUFwzk2PSA5r8/s=",
        "rev": "d186747347abca196541c01f4af9b1ebbe7cf80d",
        "revCount": 990490,
        "type": "tarball",
        "url": "https://api.flakehub.com/f/pinned/DeterminateSystems/secure-packages-rolling/0.1.990490%2Brev-d186747347abca196541c01f4af9b1ebbe7cf80d/019e04f0-8884-7083-a6e0-ce797d223111/source.tar.gz"
      },
      "original": {
        "type": "tarball",
        "url": "https://flakehub.com/f/DeterminateSystems/secure-packages-rolling/0.1"
      }
    },
    "nixpkgs_3": {
      "locked": {
        "lastModified": 1758791193,
        "narHash": "sha256-F8WmEwFoHsnix7rt290R0rFXNJiMbClMZyIC/e+HYf0=",
        "rev": "25e53aa156d47bad5082ff7618f5feb1f5e02d01",
        "revCount": 810395,
        "type": "tarball",
        "url": "https://api.flakehub.com/f/pinned/NixOS/nixpkgs/0.2505.810395%2Brev-25e53aa156d47bad5082ff7618f5feb1f5e02d01/01998694-ad17-7fa8-8c3a-c8bc31d19657/source.tar.gz"
      },
      "original": {
        "type": "tarball",
        "url": "https://flakehub.com/f/NixOS/nixpkgs/0"
      }
    },
    "root": {
      "inputs": {
        "minnows": "minnows",
        "minnows-flow-debug-shell": "minnows-flow-debug-shell",
        "minnows-platform-qemu": "minnows-platform-qemu",
        "nixpkgs": [
          "minnows",
          "nixpkgs"
        ]
      }
    },
    "rust-analyzer-src": {
      "flake": false,
      "locked": {
        "lastModified": 1777583169,
        "narHash": "sha256-dVJ4+wrRKc8oIgp3rLOFSq1obt/sCKlXy3h47qof/w0=",
        "owner": "rust-lang",
        "repo": "rust-analyzer",
        "rev": "aa64e4828a2bbba44463c1229a81c748d3cce583",
        "type": "github"
      },
      "original": {
        "owner": "rust-lang",
        "ref": "nightly",
        "repo": "rust-analyzer",
        "type": "github"
      }
    },
    "rust-analyzer-src_2": {
      "flake": false,
      "locked": {
        "lastModified": 1756597274,
        "narHash": "sha256-wfaKRKsEVQDB7pQtAt04vRgFphkVscGRpSx3wG1l50E=",
        "owner": "rust-lang",
        "repo": "rust-analyzer",
        "rev": "21614ed2d3279a9aa1f15c88d293e65a98991b30",
        "type": "github"
      },
      "original": {
        "owner": "rust-lang",
        "ref": "nightly",
        "repo": "rust-analyzer",
        "type": "github"
      }
    },
    "typix": {
      "inputs": {
        "nixpkgs": [
          "minnows",
          "nixpkgs"
        ]
      },
      "locked": {
        "lastModified": 1751013253,
        "narHash": "sha256-P0n7lAITZiDy05bpEHzsrCMyd+kDXqAnjqXwYSaWWQk=",
        "rev": "bddd0cbdc97f838602c664f6bd82c29d2522c8b8",
        "revCount": 415,
        "type": "tarball",
        "url": "https://api.flakehub.com/f/pinned/loqusion/typix/0.3.2/0197b088-26aa-70be-805b-166c7976a527/source.tar.gz"
      },
      "original": {
        "type": "tarball",
        "url": "https://flakehub.com/f/loqusion/typix/%2A"
      }
    },
    "typix_2": {
      "inputs": {
        "nixpkgs": [
          "minnows-platform-qemu",
          "minnows",
          "nixpkgs"
        ]
      },
      "locked": {
        "lastModified": 1751013253,
        "narHash": "sha256-P0n7lAITZiDy05bpEHzsrCMyd+kDXqAnjqXwYSaWWQk=",
        "rev": "bddd0cbdc97f838602c664f6bd82c29d2522c8b8",
        "revCount": 415,
        "type": "tarball",
        "url": "https://api.flakehub.com/f/pinned/loqusion/typix/0.3.2/0197b088-26aa-70be-805b-166c7976a527/source.tar.gz"
      },
      "original": {
        "type": "tarball",
        "url": "https://flakehub.com/f/loqusion/typix/%2A"
      }
    }
  },
  "root": "root",
  "version": 7
}
